
Microsoft Visual Studio Solution File, Format Version 12.00
# Visual Studio Version 17
VisualStudioVersion = 17.8.34316.72
MinimumVisualStudioVersion = 10.0.40219.1
Project("{9A19103F-16F7-4668-BE54-9A1E7A4F7556}") = "LINQtoQuery", "LINQtoQuery.csproj", "{84344207-9833-498F-80D5-963DD89C5E2A}"
EndProject
Global
	GlobalSection(SolutionConfigurationPlatforms) = preSolution
		Debug|Any CPU = Debug|Any CPU
		Release|Any CPU = Release|Any CPU
	EndGlobalSection
	GlobalSection(ProjectConfigurationPlatforms) = postSolution
		{84344207-9833-498F-80D5-963DD89C5E2A}.Debug|Any CPU.ActiveCfg = Debug|Any CPU
		{84344207-9833-498F-80D5-963DD89C5E2A}.Debug|Any CPU.Build.0 = Debug|Any CPU
		{84344207-9833-498F-80D5-963DD89C5E2A}.Release|Any CPU.ActiveCfg = Release|Any CPU
		{84344207-9833-498F-80D5-963DD89C5E2A}.Release|Any CPU.Build.0 = Release|Any CPU
	EndGlobalSection
	GlobalSection(SolutionProperties) = preSolution
		HideSolutionNode = FALSE
	EndGlobalSection
	GlobalSection(ExtensibilityGlobals) = postSolution
		SolutionGuid = {C2F04015-F019-4B28-9904-5044640A708E}
	EndGlobalSection
EndGlobal
